
Microsoft Visual Studio Solution File, Format Version 12.00
# Visual Studio Version 17
VisualStudioVersion = 17.7.34031.279
MinimumVisualStudioVersion = 10.0.40219.1
Project("{9A19103F-16F7-4668-BE54-9A1E7A4F7556}") = "GoMyShops.WebAPI", "GoMyShops.WebAPI.csproj", "{F89E8908-A384-44B8-A19D-28E7BAE1DDE7}"
EndProject
Global
	GlobalSection(SolutionConfigurationPlatforms) = preSolution
		Debug|Any CPU = Debug|Any CPU
		Release|Any CPU = Release|Any CPU
	EndGlobalSection
	GlobalSection(ProjectConfigurationPlatforms) = postSolution
		{F89E8908-A384-44B8-A19D-28E7BAE1DDE7}.Debug|Any CPU.ActiveCfg = Debug|Any CPU
		{F89E8908-A384-44B8-A19D-28E7BAE1DDE7}.Debug|Any CPU.Build.0 = Debug|Any CPU
		{F89E8908-A384-44B8-A19D-28E7BAE1DDE7}.Release|Any CPU.ActiveCfg = Release|Any CPU
		{F89E8908-A384-44B8-A19D-28E7BAE1DDE7}.Release|Any CPU.Build.0 = Release|Any CPU
	EndGlobalSection
	GlobalSection(SolutionProperties) = preSolution
		HideSolutionNode = FALSE
	EndGlobalSection
	GlobalSection(ExtensibilityGlobals) = postSolution
		SolutionGuid = {1F3A24D3-7224-4F85-B4B8-47F45E22D327}
	EndGlobalSection
EndGlobal
